
Microsoft Visual Studio Solution File, Format Version 12.00
# Visual Studio Version 16
VisualStudioVersion = 16.0.28822.285
MinimumVisualStudioVersion = 15.0.26124.0
Project("{2150E333-8FDC-42A3-9474-1A3956D46DE8}") = "Source", "Source", "{5624BEBD-A674-400D-94B5-40C504408E17}"
EndProject
Project("{9A19103F-16F7-4668-BE54-9A1E7A4F7556}") = "Flexor", "Source\Flexor\Flexor.csproj", "{6AEFC81D-44B4-4EFC-9178-464870F94869}"
EndProject
Project("{2150E333-8FDC-42A3-9474-1A3956D46DE8}") = "Tests", "Tests", "{0A417349-FB32-47F3-977F-8BD687D275FB}"
EndProject
Project("{9A19103F-16F7-4668-BE54-9A1E7A4F7556}") = "Flexor.Demo", "Tests\Flexor.Demo\Flexor.Demo.csproj", "{ED4ECC9A-A1B5-4910-8A07-2459028611C0}"
EndProject
Project("{9A19103F-16F7-4668-BE54-9A1E7A4F7556}") = "Flexor.Tests", "Tests\Flexor.Tests\Flexor.Tests.csproj", "{2D6C0085-0294-440F-B239-E61EBB867F99}"
EndProject
Project("{2150E333-8FDC-42A3-9474-1A3956D46DE8}") = "Documentation", "Documentation", "{87954895-C5A7-401C-B81D-A9BC581D177B}"
EndProject
Project("{9A19103F-16F7-4668-BE54-9A1E7A4F7556}") = "Flexor.DocGen", "Documentation\Flexor.DocGen\Flexor.DocGen.csproj", "{976AC9F8-363B-424B-8000-CB4AF43615E3}"
EndProject
Global
	GlobalSection(SolutionConfigurationPlatforms) = preSolution
		Debug|Any CPU = Debug|Any CPU
		Debug|x64 = Debug|x64
		Debug|x86 = Debug|x86
		Release|Any CPU = Release|Any CPU
		Release|x64 = Release|x64
		Release|x86 = Release|x86
	EndGlobalSection
	GlobalSection(ProjectConfigurationPlatforms) = postSolution
		{6AEFC81D-44B4-4EFC-9178-464870F94869}.Debug|Any CPU.ActiveCfg = Debug|Any CPU
		{6AEFC81D-44B4-4EFC-9178-464870F94869}.Debug|Any CPU.Build.0 = Debug|Any CPU
		{6AEFC81D-44B4-4EFC-9178-464870F94869}.Debug|x64.ActiveCfg = Debug|Any CPU
		{6AEFC81D-44B4-4EFC-9178-464870F94869}.Debug|x64.Build.0 = Debug|Any CPU
		{6AEFC81D-44B4-4EFC-9178-464870F94869}.Debug|x86.ActiveCfg = Debug|Any CPU
		{6AEFC81D-44B4-4EFC-9178-464870F94869}.Debug|x86.Build.0 = Debug|Any CPU
		{6AEFC81D-44B4-4EFC-9178-464870F94869}.Release|Any CPU.ActiveCfg = Release|Any CPU
		{6AEFC81D-44B4-4EFC-9178-464870F94869}.Release|Any CPU.Build.0 = Release|Any CPU
		{6AEFC81D-44B4-4EFC-9178-464870F94869}.Release|x64.ActiveCfg = Release|Any CPU
		{6AEFC81D-44B4-4EFC-9178-464870F94869}.Release|x64.Build.0 = Release|Any CPU
		{6AEFC81D-44B4-4EFC-9178-464870F94869}.Release|x86.ActiveCfg = Release|Any CPU
		{6AEFC81D-44B4-4EFC-9178-464870F94869}.Release|x86.Build.0 = Release|Any CPU
		{ED4ECC9A-A1B5-4910-8A07-2459028611C0}.Debug|Any CPU.ActiveCfg = Debug|Any CPU
		{ED4ECC9A-A1B5-4910-8A07-2459028611C0}.Debug|Any CPU.Build.0 = Debug|Any CPU
		{ED4ECC9A-A1B5-4910-8A07-2459028611C0}.Debug|x64.ActiveCfg = Debug|Any CPU
		{ED4ECC9A-A1B5-4910-8A07-2459028611C0}.Debug|x64.Build.0 = Debug|Any CPU
		{ED4ECC9A-A1B5-4910-8A07-2459028611C0}.Debug|x86.ActiveCfg = Debug|Any CPU
		{ED4ECC9A-A1B5-4910-8A07-2459028611C0}.Debug|x86.Build.0 = Debug|Any CPU
		{ED4ECC9A-A1B5-4910-8A07-2459028611C0}.Release|Any CPU.ActiveCfg = Release|Any CPU
		{ED4ECC9A-A1B5-4910-8A07-2459028611C0}.Release|Any CPU.Build.0 = Release|Any CPU
		{ED4ECC9A-A1B5-4910-8A07-2459028611C0}.Release|x64.ActiveCfg = Release|Any CPU
		{ED4ECC9A-A1B5-4910-8A07-2459028611C0}.Release|x64.Build.0 = Release|Any CPU
		{ED4ECC9A-A1B5-4910-8A07-2459028611C0}.Release|x86.ActiveCfg = Release|Any CPU
		{ED4ECC9A-A1B5-4910-8A07-2459028611C0}.Release|x86.Build.0 = Release|Any CPU
		{2D6C0085-0294-440F-B239-E61EBB867F99}.Debug|Any CPU.ActiveCfg = Debug|Any CPU
		{2D6C0085-0294-440F-B239-E61EBB867F99}.Debug|Any CPU.Build.0 = Debug|Any CPU
		{2D6C0085-0294-440F-B239-E61EBB867F99}.Debug|x64.ActiveCfg = Debug|Any CPU
		{2D6C0085-0294-440F-B239-E61EBB867F99}.Debug|x64.Build.0 = Debug|Any CPU
		{2D6C0085-0294-440F-B239-E61EBB867F99}.Debug|x86.ActiveCfg = Debug|Any CPU
		{2D6C0085-0294-440F-B239-E61EBB867F99}.Debug|x86.Build.0 = Debug|Any CPU
		{2D6C0085-0294-440F-B239-E61EBB867F99}.Release|Any CPU.ActiveCfg = Release|Any CPU
		{2D6C0085-0294-440F-B239-E61EBB867F99}.Release|Any CPU.Build.0 = Release|Any CPU
		{2D6C0085-0294-440F-B239-E61EBB867F99}.Release|x64.ActiveCfg = Release|Any CPU
		{2D6C0085-0294-440F-B239-E61EBB867F99}.Release|x64.Build.0 = Release|Any CPU
		{2D6C0085-0294-440F-B239-E61EBB867F99}.Release|x86.ActiveCfg = Release|Any CPU
		{2D6C0085-0294-440F-B239-E61EBB867F99}.Release|x86.Build.0 = Release|Any CPU
		{976AC9F8-363B-424B-8000-CB4AF43615E3}.Debug|Any CPU.ActiveCfg = Debug|Any CPU
		{976AC9F8-363B-424B-8000-CB4AF43615E3}.Debug|Any CPU.Build.0 = Debug|Any CPU
		{976AC9F8-363B-424B-8000-CB4AF43615E3}.Debug|x64.ActiveCfg = Debug|Any CPU
		{976AC9F8-363B-424B-8000-CB4AF43615E3}.Debug|x64.Build.0 = Debug|Any CPU
		{976AC9F8-363B-424B-8000-CB4AF43615E3}.Debug|x86.ActiveCfg = Debug|Any CPU
		{976AC9F8-363B-424B-8000-CB4AF43615E3}.Debug|x86.Build.0 = Debug|Any CPU
		{976AC9F8-363B-424B-8000-CB4AF43615E3}.Release|Any CPU.ActiveCfg = Release|Any CPU
		{976AC9F8-363B-424B-8000-CB4AF43615E3}.Release|Any CPU.Build.0 = Release|Any CPU
		{976AC9F8-363B-424B-8000-CB4AF43615E3}.Release|x64.ActiveCfg = Release|Any CPU
		{976AC9F8-363B-424B-8000-CB4AF43615E3}.Release|x64.Build.0 = Release|Any CPU
		{976AC9F8-363B-424B-8000-CB4AF43615E3}.Release|x86.ActiveCfg = Release|Any CPU
		{976AC9F8-363B-424B-8000-CB4AF43615E3}.Release|x86.Build.0 = Release|Any CPU
	EndGlobalSection
	GlobalSection(SolutionProperties) = preSolution
		HideSolutionNode = FALSE
	EndGlobalSection
	GlobalSection(NestedProjects) = preSolution
		{6AEFC81D-44B4-4EFC-9178-464870F94869} = {5624BEBD-A674-400D-94B5-40C504408E17}
		{ED4ECC9A-A1B5-4910-8A07-2459028611C0} = {0A417349-FB32-47F3-977F-8BD687D275FB}
		{2D6C0085-0294-440F-B239-E61EBB867F99} = {0A417349-FB32-47F3-977F-8BD687D275FB}
		{976AC9F8-363B-424B-8000-CB4AF43615E3} = {87954895-C5A7-401C-B81D-A9BC581D177B}
	EndGlobalSection
	GlobalSection(ExtensibilityGlobals) = postSolution
		SolutionGuid = {3494079C-11D7-441E-AB1F-D0C2F4BB3034}
	EndGlobalSection
EndGlobal
